{
  "object": {
    "pins": [
      {
        "package": "PerfectMarkdown",
        "repositoryURL": "https://github.com/PerfectlySoft/Perfect-Markdown.git",
        "state": {
          "branch": null,
          "revision": "e151a031f70fe50e50ac00a00b75074b13705fac",
          "version": "3.1.0"
        }
      }
    ]
  },
  "version": 1
}
