// !$*UTF8*$!
{
	archiveVersion = 1;
	classes = {
	};
	objectVersion = 56;
	objects = {

/* Begin PBXBuildFile section */
		5234325E2A5C4EC700ED3106 /* CustomCombine.framework in Frameworks */ = {isa = PBXBuildFile; fileRef = 523432552A5C4EC700ED3106 /* CustomCombine.framework */; };
		523432632A5C4EC700ED3106 /* CustomCombineTests.swift in Sources */ = {isa = PBXBuildFile; fileRef = 523432622A5C4EC700ED3106 /* CustomCombineTests.swift */; };
		523432642A5C4EC700ED3106 /* CustomCombine.h in Headers */ = {isa = PBXBuildFile; fileRef = 523432582A5C4EC700ED3106 /* CustomCombine.h */; settings = {ATTRIBUTES = (Public, ); }; };
		5234326F2A5C4F9700ED3106 /* Subscribers+Event.swift in Sources */ = {isa = PBXBuildFile; fileRef = 5234326D2A5C4F9700ED3106 /* Subscribers+Event.swift */; };
		523432702A5C4F9700ED3106 /* Subject+Send.swift in Sources */ = {isa = PBXBuildFile; fileRef = 5234326E2A5C4F9700ED3106 /* Subject+Send.swift */; };
/* End PBXBuildFile section */

/* Begin PBXContainerItemProxy section */
		5234325F2A5C4EC700ED3106 /* PBXContainerItemProxy */ = {
			isa = PBXContainerItemProxy;
			containerPortal = 5234324C2A5C4EC700ED3106 /* Project object */;
			proxyType = 1;
			remoteGlobalIDString = 523432542A5C4EC700ED3106;
			remoteInfo = CustomCombine;
		};
/* End PBXContainerItemProxy section */

/* Begin PBXFileReference section */
		523432552A5C4EC700ED3106 /* CustomCombine.framework */ = {isa = PBXFileReference; explicitFileType = wrapper.framework; includeInIndex = 0; path = CustomCombine.framework; sourceTree = BUILT_PRODUCTS_DIR; };
		523432582A5C4EC700ED3106 /* CustomCombine.h */ = {isa = PBXFileReference; lastKnownFileType = sourcecode.c.h; path = CustomCombine.h; sourceTree = "<group>"; };
		5234325D2A5C4EC700ED3106 /* CustomCombineTests.xctest */ = {isa = PBXFileReference; explicitFileType = wrapper.cfbundle; includeInIndex = 0; path = CustomCombineTests.xctest; sourceTree = BUILT_PRODUCTS_DIR; };
		523432622A5C4EC700ED3106 /* CustomCombineTests.swift */ = {isa = PBXFileReference; lastKnownFileType = sourcecode.swift; path = CustomCombineTests.swift; sourceTree = "<group>"; };
		5234326D2A5C4F9700ED3106 /* Subscribers+Event.swift */ = {isa = PBXFileReference; fileEncoding = 4; lastKnownFileType = sourcecode.swift; path = "Subscribers+Event.swift"; sourceTree = "<group>"; };
		5234326E2A5C4F9700ED3106 /* Subject+Send.swift */ = {isa = PBXFileReference; fileEncoding = 4; lastKnownFileType = sourcecode.swift; path = "Subject+Send.swift"; sourceTree = "<group>"; };
/* End PBXFileReference section */

/* Begin PBXFrameworksBuildPhase section */
		523432522A5C4EC700ED3106 /* Frameworks */ = {
			isa = PBXFrameworksBuildPhase;
			buildActionMask = 2147483647;
			files = (
			);
			runOnlyForDeploymentPostprocessing = 0;
		};
		5234325A2A5C4EC700ED3106 /* Frameworks */ = {
			isa = PBXFrameworksBuildPhase;
			buildActionMask = 2147483647;
			files = (
				5234325E2A5C4EC700ED3106 /* CustomCombine.framework in Frameworks */,
			);
			runOnlyForDeploymentPostprocessing = 0;
		};
/* End PBXFrameworksBuildPhase section */

/* Begin PBXGroup section */
		5234324B2A5C4EC700ED3106 = {
			isa = PBXGroup;
			children = (
				523432572A5C4EC700ED3106 /* CustomCombine */,
				523432612A5C4EC700ED3106 /* CustomCombineTests */,
				523432562A5C4EC700ED3106 /* Products */,
			);
			sourceTree = "<group>";
		};
		523432562A5C4EC700ED3106 /* Products */ = {
			isa = PBXGroup;
			children = (
				523432552A5C4EC700ED3106 /* CustomCombine.framework */,
				5234325D2A5C4EC700ED3106 /* CustomCombineTests.xctest */,
			);
			name = Products;
			sourceTree = "<group>";
		};
		523432572A5C4EC700ED3106 /* CustomCombine */ = {
			isa = PBXGroup;
			children = (
				523432582A5C4EC700ED3106 /* CustomCombine.h */,
				5234326E2A5C4F9700ED3106 /* Subject+Send.swift */,
				5234326D2A5C4F9700ED3106 /* Subscribers+Event.swift */,
			);
			path = CustomCombine;
			sourceTree = "<group>";
		};
		523432612A5C4EC700ED3106 /* CustomCombineTests */ = {
			isa = PBXGroup;
			children = (
				523432622A5C4EC700ED3106 /* CustomCombineTests.swift */,
			);
			path = CustomCombineTests;
			sourceTree = "<group>";
		};
/* End PBXGroup section */

/* Begin PBXHeadersBuildPhase section */
		523432502A5C4EC700ED3106 /* Headers */ = {
			isa = PBXHeadersBuildPhase;
			buildActionMask = 2147483647;
			files = (
				523432642A5C4EC700ED3106 /* CustomCombine.h in Headers */,
			);
			runOnlyForDeploymentPostprocessing = 0;
		};
/* End PBXHeadersBuildPhase section */

/* Begin PBXNativeTarget section */
		523432542A5C4EC700ED3106 /* CustomCombine */ = {
			isa = PBXNativeTarget;
			buildConfigurationList = 523432672A5C4EC700ED3106 /* Build configuration list for PBXNativeTarget "CustomCombine" */;
			buildPhases = (
				523432502A5C4EC700ED3106 /* Headers */,
				523432512A5C4EC700ED3106 /* Sources */,
				523432522A5C4EC700ED3106 /* Frameworks */,
				523432532A5C4EC700ED3106 /* Resources */,
			);
			buildRules = (
			);
			dependencies = (
			);
			name = CustomCombine;
			productName = CustomCombine;
			productReference = 523432552A5C4EC700ED3106 /* CustomCombine.framework */;
			productType = "com.apple.product-type.framework";
		};
		5234325C2A5C4EC700ED3106 /* CustomCombineTests */ = {
			isa = PBXNativeTarget;
			buildConfigurationList = 5234326A2A5C4EC700ED3106 /* Build configuration list for PBXNativeTarget "CustomCombineTests" */;
			buildPhases = (
				523432592A5C4EC700ED3106 /* Sources */,
				5234325A2A5C4EC700ED3106 /* Frameworks */,
				5234325B2A5C4EC700ED3106 /* Resources */,
			);
			buildRules = (
			);
			dependencies = (
				523432602A5C4EC700ED3106 /* PBXTargetDependency */,
			);
			name = CustomCombineTests;
			productName = CustomCombineTests;
			productReference = 5234325D2A5C4EC700ED3106 /* CustomCombineTests.xctest */;
			productType = "com.apple.product-type.bundle.unit-test";
		};
/* End PBXNativeTarget section */

/* Begin PBXProject section */
		5234324C2A5C4EC700ED3106 /* Project object */ = {
			isa = PBXProject;
			attributes = {
				BuildIndependentTargetsInParallel = 1;
				LastSwiftUpdateCheck = 1430;
				LastUpgradeCheck = 1430;
				TargetAttributes = {
					523432542A5C4EC700ED3106 = {
						CreatedOnToolsVersion = 14.3.1;
						LastSwiftMigration = 1430;
					};
					5234325C2A5C4EC700ED3106 = {
						CreatedOnToolsVersion = 14.3.1;
					};
				};
			};
			buildConfigurationList = 5234324F2A5C4EC700ED3106 /* Build configuration list for PBXProject "CustomCombine" */;
			compatibilityVersion = "Xcode 14.0";
			developmentRegion = en;
			hasScannedForEncodings = 0;
			knownRegions = (
				en,
				Base,
			);
			mainGroup = 5234324B2A5C4EC700ED3106;
			productRefGroup = 523432562A5C4EC700ED3106 /* Products */;
			projectDirPath = "";
			projectRoot = "";
			targets = (
				523432542A5C4EC700ED3106 /* CustomCombine */,
				5234325C2A5C4EC700ED3106 /* CustomCombineTests */,
			);
		};
/* End PBXProject section */

/* Begin PBXResourcesBuildPhase section */
		523432532A5C4EC700ED3106 /* Resources */ = {
			isa = PBXResourcesBuildPhase;
			buildActionMask = 2147483647;
			files = (
			);
			runOnlyForDeploymentPostprocessing = 0;
		};
		5234325B2A5C4EC700ED3106 /* Resources */ = {
			isa = PBXResourcesBuildPhase;
			buildActionMask = 2147483647;
			files = (
			);
			runOnlyForDeploymentPostprocessing = 0;
		};
/* End PBXResourcesBuildPhase section */

/* Begin PBXSourcesBuildPhase section */
		523432512A5C4EC700ED3106 /* Sources */ = {
			isa = PBXSourcesBuildPhase;
			buildActionMask = 2147483647;
			files = (
				523432702A5C4F9700ED3106 /* Subject+Send.swift in Sources */,
				5234326F2A5C4F9700ED3106 /* Subscribers+Event.swift in Sources */,
			);
			runOnlyForDeploymentPostprocessing = 0;
		};
		523432592A5C4EC700ED3106 /* Sources */ = {
			isa = PBXSourcesBuildPhase;
			buildActionMask = 2147483647;
			files = (
				523432632A5C4EC700ED3106 /* CustomCombineTests.swift in Sources */,
			);
			runOnlyForDeploymentPostprocessing = 0;
		};
/* End PBXSourcesBuildPhase section */

/* Begin PBXTargetDependency section */
		523432602A5C4EC700ED3106 /* PBXTargetDependency */ = {
			isa = PBXTargetDependency;
			target = 523432542A5C4EC700ED3106 /* CustomCombine */;
			targetProxy = 5234325F2A5C4EC700ED3106 /* PBXContainerItemProxy */;
		};
/* End PBXTargetDependency section */

/* Begin XCBuildConfiguration section */
		523432652A5C4EC700ED3106 /* Debug */ = {
			isa = XCBuildConfiguration;
			buildSettings = {
				ALWAYS_SEARCH_USER_PATHS = NO;
				CLANG_ANALYZER_NONNULL = YES;
				CLANG_ANALYZER_NUMBER_OBJECT_CONVERSION = YES_AGGRESSIVE;
				CLANG_CXX_LANGUAGE_STANDARD = "gnu++20";
				CLANG_ENABLE_MODULES = YES;
				CLANG_ENABLE_OBJC_ARC = YES;
				CLANG_ENABLE_OBJC_WEAK = YES;
				CLANG_WARN_BLOCK_CAPTURE_AUTORELEASING = YES;
				CLANG_WARN_BOOL_CONVERSION = YES;
				CLANG_WARN_COMMA = YES;
				CLANG_WARN_CONSTANT_CONVERSION = YES;
				CLANG_WARN_DEPRECATED_OBJC_IMPLEMENTATIONS = YES;
				CLANG_WARN_DIRECT_OBJC_ISA_USAGE = YES_ERROR;
				CLANG_WARN_DOCUMENTATION_COMMENTS = YES;
				CLANG_WARN_EMPTY_BODY = YES;
				CLANG_WARN_ENUM_CONVERSION = YES;
				CLANG_WARN_INFINITE_RECURSION = YES;
				CLANG_WARN_INT_CONVERSION = YES;
				CLANG_WARN_NON_LITERAL_NULL_CONVERSION = YES;
				CLANG_WARN_OBJC_IMPLICIT_RETAIN_SELF = YES;
				CLANG_WARN_OBJC_LITERAL_CONVERSION = YES;
				CLANG_WARN_OBJC_ROOT_CLASS = YES_ERROR;
				CLANG_WARN_QUOTED_INCLUDE_IN_FRAMEWORK_HEADER = YES;
				CLANG_WARN_RANGE_LOOP_ANALYSIS = YES;
				CLANG_WARN_STRICT_PROTOTYPES = YES;
				CLANG_WARN_SUSPICIOUS_MOVE = YES;
				CLANG_WARN_UNGUARDED_AVAILABILITY = YES_AGGRESSIVE;
				CLANG_WARN_UNREACHABLE_CODE = YES;
				CLANG_WARN__DUPLICATE_METHOD_MATCH = YES;
				COPY_PHASE_STRIP = NO;
				CURRENT_PROJECT_VERSION = 1;
				DEBUG_INFORMATION_FORMAT = dwarf;
				ENABLE_STRICT_OBJC_MSGSEND = YES;
				ENABLE_TESTABILITY = YES;
				GCC_C_LANGUAGE_STANDARD = gnu11;
				GCC_DYNAMIC_NO_PIC = NO;
				GCC_NO_COMMON_BLOCKS = YES;
				GCC_OPTIMIZATION_LEVEL = 0;
				GCC_PREPROCESSOR_DEFINITIONS = (
					"DEBUG=1",
					"$(inherited)",
				);
				GCC_WARN_64_TO_32_BIT_CONVERSION = YES;
				GCC_WARN_ABOUT_RETURN_TYPE = YES_ERROR;
				GCC_WARN_UNDECLARED_SELECTOR = YES;
				GCC_WARN_UNINITIALIZED_AUTOS = YES_AGGRESSIVE;
				GCC_WARN_UNUSED_FUNCTION = YES;
				GCC_WARN_UNUSED_VARIABLE = YES;
				MTL_ENABLE_DEBUG_INFO = INCLUDE_SOURCE;
				MTL_FAST_MATH = YES;
				ONLY_ACTIVE_ARCH = YES;
				SWIFT_ACTIVE_COMPILATION_CONDITIONS = DEBUG;
				SWIFT_OPTIMIZATION_LEVEL = "-Onone";
				VERSIONING_SYSTEM = "apple-generic";
				VERSION_INFO_PREFIX = "";
			};
			name = Debug;
		};
		523432662A5C4EC700ED3106 /* Release */ = {
			isa = XCBuildConfiguration;
			buildSettings = {
				ALWAYS_SEARCH_USER_PATHS = NO;
				CLANG_ANALYZER_NONNULL = YES;
				CLANG_ANALYZER_NUMBER_OBJECT_CONVERSION = YES_AGGRESSIVE;
				CLANG_CXX_LANGUAGE_STANDARD = "gnu++20";
				CLANG_ENABLE_MODULES = YES;
				CLANG_ENABLE_OBJC_ARC = YES;
				CLANG_ENABLE_OBJC_WEAK = YES;
				CLANG_WARN_BLOCK_CAPTURE_AUTORELEASING = YES;
				CLANG_WARN_BOOL_CONVERSION = YES;
				CLANG_WARN_COMMA = YES;
				CLANG_WARN_CONSTANT_CONVERSION = YES;
				CLANG_WARN_DEPRECATED_OBJC_IMPLEMENTATIONS = YES;
				CLANG_WARN_DIRECT_OBJC_ISA_USAGE = YES_ERROR;
				CLANG_WARN_DOCUMENTATION_COMMENTS = YES;
				CLANG_WARN_EMPTY_BODY = YES;
				CLANG_WARN_ENUM_CONVERSION = YES;
				CLANG_WARN_INFINITE_RECURSION = YES;
				CLANG_WARN_INT_CONVERSION = YES;
				CLANG_WARN_NON_LITERAL_NULL_CONVERSION = YES;
				CLANG_WARN_OBJC_IMPLICIT_RETAIN_SELF = YES;
				CLANG_WARN_OBJC_LITERAL_CONVERSION = YES;
				CLANG_WARN_OBJC_ROOT_CLASS = YES_ERROR;
				CLANG_WARN_QUOTED_INCLUDE_IN_FRAMEWORK_HEADER = YES;
				CLANG_WARN_RANGE_LOOP_ANALYSIS = YES;
				CLANG_WARN_STRICT_PROTOTYPES = YES;
				CLANG_WARN_SUSPICIOUS_MOVE = YES;
				CLANG_WARN_UNGUARDED_AVAILABILITY = YES_AGGRESSIVE;
				CLANG_WARN_UNREACHABLE_CODE = YES;
				CLANG_WARN__DUPLICATE_METHOD_MATCH = YES;
				COPY_PHASE_STRIP = NO;
				CURRENT_PROJECT_VERSION = 1;
				DEBUG_INFORMATION_FORMAT = "dwarf-with-dsym";
				ENABLE_NS_ASSERTIONS = NO;
				ENABLE_STRICT_OBJC_MSGSEND = YES;
				GCC_C_LANGUAGE_STANDARD = gnu11;
				GCC_NO_COMMON_BLOCKS = YES;
				GCC_WARN_64_TO_32_BIT_CONVERSION = YES;
				GCC_WARN_ABOUT_RETURN_TYPE = YES_ERROR;
				GCC_WARN_UNDECLARED_SELECTOR = YES;
				GCC_WARN_UNINITIALIZED_AUTOS = YES_AGGRESSIVE;
				GCC_WARN_UNUSED_FUNCTION = YES;
				GCC_WARN_UNUSED_VARIABLE = YES;
				MTL_ENABLE_DEBUG_INFO = NO;
				MTL_FAST_MATH = YES;
				SWIFT_COMPILATION_MODE = wholemodule;
				SWIFT_OPTIMIZATION_LEVEL = "-O";
				VERSIONING_SYSTEM = "apple-generic";
				VERSION_INFO_PREFIX = "";
			};
			name = Release;
		};
		523432682A5C4EC700ED3106 /* Debug */ = {
			isa = XCBuildConfiguration;
			buildSettings = {
				CLANG_ENABLE_MODULES = YES;
				CODE_SIGN_STYLE = Automatic;
				CURRENT_PROJECT_VERSION = 1;
				DEFINES_MODULE = YES;
				DYLIB_COMPATIBILITY_VERSION = 1;
				DYLIB_CURRENT_VERSION = 1;
				DYLIB_INSTALL_NAME_BASE = "@rpath";
				ENABLE_MODULE_VERIFIER = YES;
				GENERATE_INFOPLIST_FILE = YES;
				INFOPLIST_KEY_NSHumanReadableCopyright = "";
				INSTALL_PATH = "$(LOCAL_LIBRARY_DIR)/Frameworks";
				IPHONEOS_DEPLOYMENT_TARGET = 13.0;
				LD_RUNPATH_SEARCH_PATHS = (
					"@executable_path/Frameworks",
					"@loader_path/Frameworks",
				);
				"LD_RUNPATH_SEARCH_PATHS[sdk=macosx*]" = (
					"@executable_path/../Frameworks",
					"@loader_path/Frameworks",
				);
				MACOSX_DEPLOYMENT_TARGET = 11.0;
				MARKETING_VERSION = 1.0;
				MODULE_VERIFIER_SUPPORTED_LANGUAGES = "objective-c objective-c++";
				MODULE_VERIFIER_SUPPORTED_LANGUAGE_STANDARDS = "gnu11 gnu++20";
				PRODUCT_BUNDLE_IDENTIFIER = DouKing.CustomCombine;
				PRODUCT_NAME = "$(TARGET_NAME:c99extidentifier)";
				SDKROOT = auto;
				SKIP_INSTALL = YES;
				SUPPORTED_PLATFORMS = "iphoneos iphonesimulator macosx";
				SWIFT_EMIT_LOC_STRINGS = YES;
				SWIFT_OPTIMIZATION_LEVEL = "-Onone";
				SWIFT_VERSION = 5.0;
				TARGETED_DEVICE_FAMILY = "1,2";
			};
			name = Debug;
		};
		523432692A5C4EC700ED3106 /* Release */ = {
			isa = XCBuildConfiguration;
			buildSettings = {
				CLANG_ENABLE_MODULES = YES;
				CODE_SIGN_STYLE = Automatic;
				CURRENT_PROJECT_VERSION = 1;
				DEFINES_MODULE = YES;
				DYLIB_COMPATIBILITY_VERSION = 1;
				DYLIB_CURRENT_VERSION = 1;
				DYLIB_INSTALL_NAME_BASE = "@rpath";
				ENABLE_MODULE_VERIFIER = YES;
				GENERATE_INFOPLIST_FILE = YES;
				INFOPLIST_KEY_NSHumanReadableCopyright = "";
				INSTALL_PATH = "$(LOCAL_LIBRARY_DIR)/Frameworks";
				IPHONEOS_DEPLOYMENT_TARGET = 13.0;
				LD_RUNPATH_SEARCH_PATHS = (
					"@executable_path/Frameworks",
					"@loader_path/Frameworks",
				);
				"LD_RUNPATH_SEARCH_PATHS[sdk=macosx*]" = (
					"@executable_path/../Frameworks",
					"@loader_path/Frameworks",
				);
				MACOSX_DEPLOYMENT_TARGET = 11.0;
				MARKETING_VERSION = 1.0;
				MODULE_VERIFIER_SUPPORTED_LANGUAGES = "objective-c objective-c++";
				MODULE_VERIFIER_SUPPORTED_LANGUAGE_STANDARDS = "gnu11 gnu++20";
				PRODUCT_BUNDLE_IDENTIFIER = DouKing.CustomCombine;
				PRODUCT_NAME = "$(TARGET_NAME:c99extidentifier)";
				SDKROOT = auto;
				SKIP_INSTALL = YES;
				SUPPORTED_PLATFORMS = "iphoneos iphonesimulator macosx";
				SWIFT_EMIT_LOC_STRINGS = YES;
				SWIFT_VERSION = 5.0;
				TARGETED_DEVICE_FAMILY = "1,2";
			};
			name = Release;
		};
		5234326B2A5C4EC700ED3106 /* Debug */ = {
			isa = XCBuildConfiguration;
			buildSettings = {
				ALWAYS_EMBED_SWIFT_STANDARD_LIBRARIES = YES;
				CODE_SIGN_STYLE = Automatic;
				CURRENT_PROJECT_VERSION = 1;
				GENERATE_INFOPLIST_FILE = YES;
				IPHONEOS_DEPLOYMENT_TARGET = 16.4;
				MACOSX_DEPLOYMENT_TARGET = 13.3;
				MARKETING_VERSION = 1.0;
				PRODUCT_BUNDLE_IDENTIFIER = DouKing.CustomCombineTests;
				PRODUCT_NAME = "$(TARGET_NAME)";
				SDKROOT = auto;
				SUPPORTED_PLATFORMS = "iphoneos iphonesimulator macosx";
				SWIFT_EMIT_LOC_STRINGS = NO;
				SWIFT_VERSION = 5.0;
				TARGETED_DEVICE_FAMILY = "1,2";
			};
			name = Debug;
		};
		5234326C2A5C4EC700ED3106 /* Release */ = {
			isa = XCBuildConfiguration;
			buildSettings = {
				ALWAYS_EMBED_SWIFT_STANDARD_LIBRARIES = YES;
				CODE_SIGN_STYLE = Automatic;
				CURRENT_PROJECT_VERSION = 1;
				GENERATE_INFOPLIST_FILE = YES;
				IPHONEOS_DEPLOYMENT_TARGET = 16.4;
				MACOSX_DEPLOYMENT_TARGET = 13.3;
				MARKETING_VERSION = 1.0;
				PRODUCT_BUNDLE_IDENTIFIER = DouKing.CustomCombineTests;
				PRODUCT_NAME = "$(TARGET_NAME)";
				SDKROOT = auto;
				SUPPORTED_PLATFORMS = "iphoneos iphonesimulator macosx";
				SWIFT_EMIT_LOC_STRINGS = NO;
				SWIFT_VERSION = 5.0;
				TARGETED_DEVICE_FAMILY = "1,2";
			};
			name = Release;
		};
/* End XCBuildConfiguration section */

/* Begin XCConfigurationList section */
		5234324F2A5C4EC700ED3106 /* Build configuration list for PBXProject "CustomCombine" */ = {
			isa = XCConfigurationList;
			buildConfigurations = (
				523432652A5C4EC700ED3106 /* Debug */,
				523432662A5C4EC700ED3106 /* Release */,
			);
			defaultConfigurationIsVisible = 0;
			defaultConfigurationName = Release;
		};
		523432672A5C4EC700ED3106 /* Build configuration list for PBXNativeTarget "CustomCombine" */ = {
			isa = XCConfigurationList;
			buildConfigurations = (
				523432682A5C4EC700ED3106 /* Debug */,
				523432692A5C4EC700ED3106 /* Release */,
			);
			defaultConfigurationIsVisible = 0;
			defaultConfigurationName = Release;
		};
		5234326A2A5C4EC700ED3106 /* Build configuration list for PBXNativeTarget "CustomCombineTests" */ = {
			isa = XCConfigurationList;
			buildConfigurations = (
				5234326B2A5C4EC700ED3106 /* Debug */,
				5234326C2A5C4EC700ED3106 /* Release */,
			);
			defaultConfigurationIsVisible = 0;
			defaultConfigurationName = Release;
		};
/* End XCConfigurationList section */
	};
	rootObject = 5234324C2A5C4EC700ED3106 /* Project object */;
}
